
Microsoft Visual Studio Solution File, Format Version 12.00
# Visual Studio Version 17
VisualStudioVersion = 17.8.34330.188
MinimumVisualStudioVersion = 10.0.40219.1
Project("{FAE04EC0-301F-11D3-BF4B-00C04F79EFBC}") = "mvccore", "mvccore.csproj", "{C129049C-CB62-4246-96DF-ADD8DCB72C78}"
EndProject
Global
	GlobalSection(SolutionConfigurationPlatforms) = preSolution
		Debug|Any CPU = Debug|Any CPU
		Release|Any CPU = Release|Any CPU
	EndGlobalSection
	GlobalSection(ProjectConfigurationPlatforms) = postSolution
		{C129049C-CB62-4246-96DF-ADD8DCB72C78}.Debug|Any CPU.ActiveCfg = Debug|Any CPU
		{C129049C-CB62-4246-96DF-ADD8DCB72C78}.Debug|Any CPU.Build.0 = Debug|Any CPU
		{C129049C-CB62-4246-96DF-ADD8DCB72C78}.Release|Any CPU.ActiveCfg = Release|Any CPU
		{C129049C-CB62-4246-96DF-ADD8DCB72C78}.Release|Any CPU.Build.0 = Release|Any CPU
	EndGlobalSection
	GlobalSection(SolutionProperties) = preSolution
		HideSolutionNode = FALSE
	EndGlobalSection
	GlobalSection(ExtensibilityGlobals) = postSolution
		SolutionGuid = {3D98219B-C133-456F-8119-68374E67D989}
	EndGlobalSection
EndGlobal
